
Microsoft Visual Studio Solution File, Format Version 12.00
# Visual Studio Version 17
VisualStudioVersion = 17.2.32630.192
MinimumVisualStudioVersion = 10.0.40219.1
Project("{FAE04EC0-301F-11D3-BF4B-00C04F79EFBC}") = "MachineBazaarProject", "MachineBazaarProject\MachineBazaarProject.csproj", "{163C8642-7D65-46DA-879B-EEBCAB4DD050}"
EndProject
Global
	GlobalSection(SolutionConfigurationPlatforms) = preSolution
		Debug|Any CPU = Debug|Any CPU
		Release|Any CPU = Release|Any CPU
	EndGlobalSection
	GlobalSection(ProjectConfigurationPlatforms) = postSolution
		{163C8642-7D65-46DA-879B-EEBCAB4DD050}.Debug|Any CPU.ActiveCfg = Debug|Any CPU
		{163C8642-7D65-46DA-879B-EEBCAB4DD050}.Debug|Any CPU.Build.0 = Debug|Any CPU
		{163C8642-7D65-46DA-879B-EEBCAB4DD050}.Release|Any CPU.ActiveCfg = Release|Any CPU
		{163C8642-7D65-46DA-879B-EEBCAB4DD050}.Release|Any CPU.Build.0 = Release|Any CPU
	EndGlobalSection
	GlobalSection(SolutionProperties) = preSolution
		HideSolutionNode = FALSE
	EndGlobalSection
	GlobalSection(ExtensibilityGlobals) = postSolution
		SolutionGuid = {4700A707-42CB-40D6-948C-2989C4844F71}
	EndGlobalSection
EndGlobal
